// !$*UTF8*$!
{
	archiveVersion = 1;
	classes = {
	};
	objectVersion = 46;
	objects = {

/* Begin PBXBuildFile section */
		E58635B314843B61009298A3 /* Cocoa.framework in Frameworks */ = {isa = PBXBuildFile; fileRef = E58635B214843B61009298A3 /* Cocoa.framework */; };
		E58635B514843B61009298A3 /* MacRuby.framework in Frameworks */ = {isa = PBXBuildFile; fileRef = E58635B414843B61009298A3 /* MacRuby.framework */; };
		E58635BC14843B61009298A3 /* InfoPlist.strings in Resources */ = {isa = PBXBuildFile; fileRef = E58635BA14843B61009298A3 /* InfoPlist.strings */; };
		E58635BE14843B62009298A3 /* main.m in Sources */ = {isa = PBXBuildFile; fileRef = E58635BD14843B62009298A3 /* main.m */; };
		E58635C314843B62009298A3 /* MainMenu.xib in Resources */ = {isa = PBXBuildFile; fileRef = E58635C114843B62009298A3 /* MainMenu.xib */; };
		E58635C614843B62009298A3 /* rb_main.rb in Resources */ = {isa = PBXBuildFile; fileRef = E58635C514843B62009298A3 /* rb_main.rb */; };
		E58635C814843B62009298A3 /* AppDelegate.rb in Resources */ = {isa = PBXBuildFile; fileRef = E58635C714843B62009298A3 /* AppDelegate.rb */; };
		E58635D214843BEE009298A3 /* nshttp_cookie.rb in Resources */ = {isa = PBXBuildFile; fileRef = E58635D114843BEE009298A3 /* nshttp_cookie.rb */; };
		E58635D414843BF7009298A3 /* nshttp_cookie_storage.rb in Resources */ = {isa = PBXBuildFile; fileRef = E58635D314843BF7009298A3 /* nshttp_cookie_storage.rb */; };
		E58635D614843BFF009298A3 /* cookie_inspector.rb in Resources */ = {isa = PBXBuildFile; fileRef = E58635D514843BFF009298A3 /* cookie_inspector.rb */; };
		E58635D814843C07009298A3 /* CIController.rb in Resources */ = {isa = PBXBuildFile; fileRef = E58635D714843C07009298A3 /* CIController.rb */; };
/* End PBXBuildFile section */

/* Begin PBXFileReference section */
		E58635AE14843B61009298A3 /* CookieInspector.app */ = {isa = PBXFileReference; explicitFileType = wrapper.application; includeInIndex = 0; path = CookieInspector.app; sourceTree = BUILT_PRODUCTS_DIR; };
		E58635B214843B61009298A3 /* Cocoa.framework */ = {isa = PBXFileReference; lastKnownFileType = wrapper.framework; name = Cocoa.framework; path = System/Library/Frameworks/Cocoa.framework; sourceTree = SDKROOT; };
		E58635B414843B61009298A3 /* MacRuby.framework */ = {isa = PBXFileReference; lastKnownFileType = wrapper.framework; name = MacRuby.framework; path = Library/Frameworks/MacRuby.framework; sourceTree = DEVELOPER_DIR; };
		E58635B914843B61009298A3 /* CookieInspector-Info.plist */ = {isa = PBXFileReference; lastKnownFileType = text.plist.xml; path = "CookieInspector-Info.plist"; sourceTree = "<group>"; };
		E58635BB14843B61009298A3 /* en */ = {isa = PBXFileReference; lastKnownFileType = text.plist.strings; name = en; path = en.lproj/InfoPlist.strings; sourceTree = "<group>"; };
		E58635BD14843B62009298A3 /* main.m */ = {isa = PBXFileReference; lastKnownFileType = sourcecode.c.objc; path = main.m; sourceTree = "<group>"; };
		E58635BF14843B62009298A3 /* CookieInspector-Prefix.pch */ = {isa = PBXFileReference; lastKnownFileType = sourcecode.c.h; path = "CookieInspector-Prefix.pch"; sourceTree = "<group>"; };
		E58635C214843B62009298A3 /* en */ = {isa = PBXFileReference; lastKnownFileType = file.xib; name = en; path = en.lproj/MainMenu.xib; sourceTree = "<group>"; };
		E58635C514843B62009298A3 /* rb_main.rb */ = {isa = PBXFileReference; lastKnownFileType = text.script.ruby; path = rb_main.rb; sourceTree = "<group>"; };
		E58635C714843B62009298A3 /* AppDelegate.rb */ = {isa = PBXFileReference; lastKnownFileType = text.script.ruby; path = AppDelegate.rb; sourceTree = "<group>"; };
		E58635D114843BEE009298A3 /* nshttp_cookie.rb */ = {isa = PBXFileReference; fileEncoding = 4; lastKnownFileType = text.script.ruby; path = nshttp_cookie.rb; sourceTree = "<group>"; };
		E58635D314843BF7009298A3 /* nshttp_cookie_storage.rb */ = {isa = PBXFileReference; fileEncoding = 4; lastKnownFileType = text.script.ruby; path = nshttp_cookie_storage.rb; sourceTree = "<group>"; };
		E58635D514843BFF009298A3 /* cookie_inspector.rb */ = {isa = PBXFileReference; fileEncoding = 4; lastKnownFileType = text.script.ruby; path = cookie_inspector.rb; sourceTree = "<group>"; };
		E58635D714843C07009298A3 /* CIController.rb */ = {isa = PBXFileReference; fileEncoding = 4; lastKnownFileType = text.script.ruby; path = CIController.rb; sourceTree = "<group>"; };
/* End PBXFileReference section */

/* Begin PBXFrameworksBuildPhase section */
		E58635AB14843B61009298A3 /* Frameworks */ = {
			isa = PBXFrameworksBuildPhase;
			buildActionMask = 2147483647;
			files = (
				E58635B314843B61009298A3 /* Cocoa.framework in Frameworks */,
				E58635B514843B61009298A3 /* MacRuby.framework in Frameworks */,
			);
			runOnlyForDeploymentPostprocessing = 0;
		};
/* End PBXFrameworksBuildPhase section */

/* Begin PBXGroup section */
		E58635A314843B61009298A3 = {
			isa = PBXGroup;
			children = (
				E58635B714843B61009298A3 /* CookieInspector */,
				E58635B114843B61009298A3 /* Frameworks */,
				E58635AF14843B61009298A3 /* Products */,
			);
			sourceTree = "<group>";
		};
		E58635AF14843B61009298A3 /* Products */ = {
			isa = PBXGroup;
			children = (
				E58635AE14843B61009298A3 /* CookieInspector.app */,
			);
			name = Products;
			sourceTree = "<group>";
		};
		E58635B114843B61009298A3 /* Frameworks */ = {
			isa = PBXGroup;
			children = (
				E58635B214843B61009298A3 /* Cocoa.framework */,
				E58635B414843B61009298A3 /* MacRuby.framework */,
			);
			name = Frameworks;
			sourceTree = "<group>";
		};
		E58635B714843B61009298A3 /* CookieInspector */ = {
			isa = PBXGroup;
			children = (
				E58635C714843B62009298A3 /* AppDelegate.rb */,
				E58635C014843B62009298A3 /* Resources */,
				E58635C414843B62009298A3 /* Other Sources */,
				E58635B814843B61009298A3 /* Supporting Files */,
			);
			path = CookieInspector;
			sourceTree = "<group>";
		};
		E58635B814843B61009298A3 /* Supporting Files */ = {
			isa = PBXGroup;
			children = (
				E58635B914843B61009298A3 /* CookieInspector-Info.plist */,
				E58635BA14843B61009298A3 /* InfoPlist.strings */,
				E58635BD14843B62009298A3 /* main.m */,
				E58635BF14843B62009298A3 /* CookieInspector-Prefix.pch */,
			);
			name = "Supporting Files";
			sourceTree = "<group>";
		};
		E58635C014843B62009298A3 /* Resources */ = {
			isa = PBXGroup;
			children = (
				E58635C114843B62009298A3 /* MainMenu.xib */,
			);
			name = Resources;
			sourceTree = "<group>";
		};
		E58635C414843B62009298A3 /* Other Sources */ = {
			isa = PBXGroup;
			children = (
				E58635C514843B62009298A3 /* rb_main.rb */,
				E58635D114843BEE009298A3 /* nshttp_cookie.rb */,
				E58635D314843BF7009298A3 /* nshttp_cookie_storage.rb */,
				E58635D514843BFF009298A3 /* cookie_inspector.rb */,
				E58635D714843C07009298A3 /* CIController.rb */,
			);
			name = "Other Sources";
			sourceTree = "<group>";
		};
/* End PBXGroup section */

/* Begin PBXLegacyTarget section */
		E58635B614843B61009298A3 /* Deployment */ = {
			isa = PBXLegacyTarget;
			buildArgumentsString = "--compile --embed";
			buildConfigurationList = E58635CE14843B62009298A3 /* Build configuration list for PBXLegacyTarget "Deployment" */;
			buildPhases = (
			);
			buildToolPath = /usr/local/bin/macruby_deploy;
			dependencies = (
			);
			name = Deployment;
			passBuildSettingsInEnvironment = 1;
			productName = Deployment;
		};
/* End PBXLegacyTarget section */

/* Begin PBXNativeTarget section */
		E58635AD14843B61009298A3 /* CookieInspector */ = {
			isa = PBXNativeTarget;
			buildConfigurationList = E58635CB14843B62009298A3 /* Build configuration list for PBXNativeTarget "CookieInspector" */;
			buildPhases = (
				E58635AA14843B61009298A3 /* Sources */,
				E58635AB14843B61009298A3 /* Frameworks */,
				E58635AC14843B61009298A3 /* Resources */,
			);
			buildRules = (
			);
			dependencies = (
			);
			name = CookieInspector;
			productName = CookieInspector;
			productReference = E58635AE14843B61009298A3 /* CookieInspector.app */;
			productType = "com.apple.product-type.application";
		};
/* End PBXNativeTarget section */

/* Begin PBXProject section */
		E58635A514843B61009298A3 /* Project object */ = {
			isa = PBXProject;
			attributes = {
				LastUpgradeCheck = 0420;
				ORGANIZATIONNAME = "sgonyea inc";
			};
			buildConfigurationList = E58635A814843B61009298A3 /* Build configuration list for PBXProject "CookieInspector" */;
			compatibilityVersion = "Xcode 3.2";
			developmentRegion = English;
			hasScannedForEncodings = 0;
			knownRegions = (
				en,
			);
			mainGroup = E58635A314843B61009298A3;
			productRefGroup = E58635AF14843B61009298A3 /* Products */;
			projectDirPath = "";
			projectRoot = "";
			targets = (
				E58635AD14843B61009298A3 /* CookieInspector */,
				E58635B614843B61009298A3 /* Deployment */,
			);
		};
/* End PBXProject section */

/* Begin PBXResourcesBuildPhase section */
		E58635AC14843B61009298A3 /* Resources */ = {
			isa = PBXResourcesBuildPhase;
			buildActionMask = 2147483647;
			files = (
				E58635BC14843B61009298A3 /* InfoPlist.strings in Resources */,
				E58635C314843B62009298A3 /* MainMenu.xib in Resources */,
				E58635C614843B62009298A3 /* rb_main.rb in Resources */,
				E58635C814843B62009298A3 /* AppDelegate.rb in Resources */,
				E58635D214843BEE009298A3 /* nshttp_cookie.rb in Resources */,
				E58635D414843BF7009298A3 /* nshttp_cookie_storage.rb in Resources */,
				E58635D614843BFF009298A3 /* cookie_inspector.rb in Resources */,
				E58635D814843C07009298A3 /* CIController.rb in Resources */,
			);
			runOnlyForDeploymentPostprocessing = 0;
		};
/* End PBXResourcesBuildPhase section */

/* Begin PBXSourcesBuildPhase section */
		E58635AA14843B61009298A3 /* Sources */ = {
			isa = PBXSourcesBuildPhase;
			buildActionMask = 2147483647;
			files = (
				E58635BE14843B62009298A3 /* main.m in Sources */,
			);
			runOnlyForDeploymentPostprocessing = 0;
		};
/* End PBXSourcesBuildPhase section */

/* Begin PBXVariantGroup section */
		E58635BA14843B61009298A3 /* InfoPlist.strings */ = {
			isa = PBXVariantGroup;
			children = (
				E58635BB14843B61009298A3 /* en */,
			);
			name = InfoPlist.strings;
			sourceTree = "<group>";
		};
		E58635C114843B62009298A3 /* MainMenu.xib */ = {
			isa = PBXVariantGroup;
			children = (
				E58635C214843B62009298A3 /* en */,
			);
			name = MainMenu.xib;
			sourceTree = "<group>";
		};
/* End PBXVariantGroup section */

/* Begin XCBuildConfiguration section */
		E58635C914843B62009298A3 /* Debug */ = {
			isa = XCBuildConfiguration;
			buildSettings = {
				ALWAYS_SEARCH_USER_PATHS = NO;
				ARCHS = "$(ARCHS_STANDARD_64_BIT)";
				CLANG_ENABLE_OBJC_ARC = YES;
				COPY_PHASE_STRIP = NO;
				GCC_C_LANGUAGE_STANDARD = gnu99;
				GCC_DYNAMIC_NO_PIC = NO;
				GCC_ENABLE_OBJC_EXCEPTIONS = YES;
				GCC_OPTIMIZATION_LEVEL = 0;
				GCC_PREPROCESSOR_DEFINITIONS = (
					"DEBUG=1",
					"$(inherited)",
				);
				GCC_SYMBOLS_PRIVATE_EXTERN = NO;
				GCC_VERSION = com.apple.compilers.llvm.clang.1_0;
				GCC_WARN_64_TO_32_BIT_CONVERSION = YES;
				GCC_WARN_ABOUT_MISSING_PROTOTYPES = YES;
				GCC_WARN_ABOUT_RETURN_TYPE = YES;
				GCC_WARN_UNUSED_VARIABLE = YES;
				MACOSX_DEPLOYMENT_TARGET = 10.7;
				ONLY_ACTIVE_ARCH = YES;
				SDKROOT = macosx;
			};
			name = Debug;
		};
		E58635CA14843B62009298A3 /* Release */ = {
			isa = XCBuildConfiguration;
			buildSettings = {
				ALWAYS_SEARCH_USER_PATHS = NO;
				ARCHS = "$(ARCHS_STANDARD_64_BIT)";
				CLANG_ENABLE_OBJC_ARC = YES;
				COPY_PHASE_STRIP = YES;
				DEBUG_INFORMATION_FORMAT = "dwarf-with-dsym";
				GCC_C_LANGUAGE_STANDARD = gnu99;
				GCC_ENABLE_OBJC_EXCEPTIONS = YES;
				GCC_VERSION = com.apple.compilers.llvm.clang.1_0;
				GCC_WARN_64_TO_32_BIT_CONVERSION = YES;
				GCC_WARN_ABOUT_MISSING_PROTOTYPES = YES;
				GCC_WARN_ABOUT_RETURN_TYPE = YES;
				GCC_WARN_UNUSED_VARIABLE = YES;
				MACOSX_DEPLOYMENT_TARGET = 10.7;
				SDKROOT = macosx;
			};
			name = Release;
		};
		E58635CC14843B62009298A3 /* Debug */ = {
			isa = XCBuildConfiguration;
			buildSettings = {
				FRAMEWORK_SEARCH_PATHS = (
					"$(inherited)",
					"\"$(DEVELOPER_FRAMEWORKS_DIR)\"",
				);
				GCC_ENABLE_OBJC_GC = required;
				GCC_PRECOMPILE_PREFIX_HEADER = YES;
				GCC_PREFIX_HEADER = "CookieInspector/CookieInspector-Prefix.pch";
				INFOPLIST_FILE = "CookieInspector/CookieInspector-Info.plist";
				PRODUCT_NAME = "$(TARGET_NAME)";
				WRAPPER_EXTENSION = app;
			};
			name = Debug;
		};
		E58635CD14843B62009298A3 /* Release */ = {
			isa = XCBuildConfiguration;
			buildSettings = {
				FRAMEWORK_SEARCH_PATHS = (
					"$(inherited)",
					"\"$(DEVELOPER_FRAMEWORKS_DIR)\"",
				);
				GCC_ENABLE_OBJC_GC = required;
				GCC_PRECOMPILE_PREFIX_HEADER = YES;
				GCC_PREFIX_HEADER = "CookieInspector/CookieInspector-Prefix.pch";
				INFOPLIST_FILE = "CookieInspector/CookieInspector-Info.plist";
				PRODUCT_NAME = "$(TARGET_NAME)";
				WRAPPER_EXTENSION = app;
			};
			name = Release;
		};
		E58635CF14843B62009298A3 /* Debug */ = {
			isa = XCBuildConfiguration;
			buildSettings = {
			};
			name = Debug;
		};
		E58635D014843B62009298A3 /* Release */ = {
			isa = XCBuildConfiguration;
			buildSettings = {
			};
			name = Release;
		};
/* End XCBuildConfiguration section */

/* Begin XCConfigurationList section */
		E58635A814843B61009298A3 /* Build configuration list for PBXProject "CookieInspector" */ = {
			isa = XCConfigurationList;
			buildConfigurations = (
				E58635C914843B62009298A3 /* Debug */,
				E58635CA14843B62009298A3 /* Release */,
			);
			defaultConfigurationIsVisible = 0;
			defaultConfigurationName = Release;
		};
		E58635CB14843B62009298A3 /* Build configuration list for PBXNativeTarget "CookieInspector" */ = {
			isa = XCConfigurationList;
			buildConfigurations = (
				E58635CC14843B62009298A3 /* Debug */,
				E58635CD14843B62009298A3 /* Release */,
			);
			defaultConfigurationIsVisible = 0;
			defaultConfigurationName = Release;
		};
		E58635CE14843B62009298A3 /* Build configuration list for PBXLegacyTarget "Deployment" */ = {
			isa = XCConfigurationList;
			buildConfigurations = (
				E58635CF14843B62009298A3 /* Debug */,
				E58635D014843B62009298A3 /* Release */,
			);
			defaultConfigurationIsVisible = 0;
			defaultConfigurationName = Release;
		};
/* End XCConfigurationList section */
	};
	rootObject = E58635A514843B61009298A3 /* Project object */;
}
